
Microsoft Visual Studio Solution File, Format Version 12.00
# Visual Studio Version 17
VisualStudioVersion = 17.10.35027.167
MinimumVisualStudioVersion = 10.0.40219.1
Project("{FAE04EC0-301F-11D3-BF4B-00C04F79EFBC}") = "Projeto_Controle_de_Vendas", "Projeto_Controle_de_Vendas.csproj", "{7D44E66C-EBEA-476F-A3E4-5BA5860F5F87}"
EndProject
Global
	GlobalSection(SolutionConfigurationPlatforms) = preSolution
		Debug|Any CPU = Debug|Any CPU
		Release|Any CPU = Release|Any CPU
	EndGlobalSection
	GlobalSection(ProjectConfigurationPlatforms) = postSolution
		{7D44E66C-EBEA-476F-A3E4-5BA5860F5F87}.Debug|Any CPU.ActiveCfg = Debug|Any CPU
		{7D44E66C-EBEA-476F-A3E4-5BA5860F5F87}.Debug|Any CPU.Build.0 = Debug|Any CPU
		{7D44E66C-EBEA-476F-A3E4-5BA5860F5F87}.Release|Any CPU.ActiveCfg = Release|Any CPU
		{7D44E66C-EBEA-476F-A3E4-5BA5860F5F87}.Release|Any CPU.Build.0 = Release|Any CPU
	EndGlobalSection
	GlobalSection(SolutionProperties) = preSolution
		HideSolutionNode = FALSE
	EndGlobalSection
	GlobalSection(ExtensibilityGlobals) = postSolution
		SolutionGuid = {AE0EE211-3719-48EE-BB9A-BBF07C716BDE}
	EndGlobalSection
EndGlobal
